
Microsoft Visual Studio Solution File, Format Version 12.00
# Visual Studio Version 17
VisualStudioVersion = 17.7.33711.374
MinimumVisualStudioVersion = 10.0.40219.1
Project("{2150E333-8FDC-42A3-9474-1A3956D46DE8}") = "src", "src", "{6E4E7A10-F8BF-4538-BF10-6FB2EE4695C0}"
EndProject
Project("{2150E333-8FDC-42A3-9474-1A3956D46DE8}") = "tests", "tests", "{53B59E72-EC73-4B5C-A7D4-A357FF054179}"
EndProject
Project("{2150E333-8FDC-42A3-9474-1A3956D46DE8}") = "Solution Items", "Solution Items", "{D9DDC091-0300-4063-89F5-55FAA8E96CE8}"
	ProjectSection(SolutionItems) = preProject
		.editorconfig = .editorconfig
		.gitignore = .gitignore
		README.md = README.md
	EndProjectSection
EndProject
Project("{2150E333-8FDC-42A3-9474-1A3956D46DE8}") = "UMaTTS.Core", "UMaTTS.Core", "{E649251F-DE69-4653-B37A-DBAEAA116839}"
EndProject
Project("{2150E333-8FDC-42A3-9474-1A3956D46DE8}") = "UMaTTS.Infrastructure", "UMaTTS.Infrastructure", "{A95E1395-5455-4E2B-B28C-08AF13D2EBA2}"
EndProject
Project("{2150E333-8FDC-42A3-9474-1A3956D46DE8}") = "UMaTTS.SharedKernel", "UMaTTS.SharedKernel", "{34CD5DAB-44C2-4A98-8DD0-6FD221CCA793}"
EndProject
Project("{2150E333-8FDC-42A3-9474-1A3956D46DE8}") = "UMaTTS.API", "UMaTTS.API", "{72E34580-6F24-40DE-B9E4-BA8F23C8A531}"
EndProject
Project("{9A19103F-16F7-4668-BE54-9A1E7A4F7556}") = "UMaTTS.API", "UMaTTS.API\UMaTTS.API.csproj", "{215AF485-C135-4C17-BEEB-2B6E4F56D1ED}"
EndProject
Project("{9A19103F-16F7-4668-BE54-9A1E7A4F7556}") = "UMaTTS.Core", "UMaTTS.Core\UMaTTS.Core.csproj", "{5C727686-183D-40FE-AAD2-FC7BD2D0903B}"
EndProject
Project("{9A19103F-16F7-4668-BE54-9A1E7A4F7556}") = "UMaTTS.Infrastructure", "UMaTTS.Infrastructure\UMaTTS.Infrastructure.csproj", "{BF8BC3B5-C745-4E9F-9E8E-9AA43151A941}"
EndProject
Project("{9A19103F-16F7-4668-BE54-9A1E7A4F7556}") = "UMaTTS.SharedKernel", "UMaTTS.SharedKernel\UMaTTS.SharedKernel.csproj", "{C79E68FA-D2DF-4999-AC4E-A4B2B2283DBB}"
EndProject
Project("{9A19103F-16F7-4668-BE54-9A1E7A4F7556}") = "UMaTTS.Tests", "UMaTTS.Tests\UMaTTS.Tests.csproj", "{EFA81D6B-70C9-4E26-ACA9-3C80B24F7A1A}"
EndProject
Global
	GlobalSection(SolutionConfigurationPlatforms) = preSolution
		Debug|Any CPU = Debug|Any CPU
		Release|Any CPU = Release|Any CPU
	EndGlobalSection
	GlobalSection(ProjectConfigurationPlatforms) = postSolution
		{215AF485-C135-4C17-BEEB-2B6E4F56D1ED}.Debug|Any CPU.ActiveCfg = Debug|Any CPU
		{215AF485-C135-4C17-BEEB-2B6E4F56D1ED}.Debug|Any CPU.Build.0 = Debug|Any CPU
		{215AF485-C135-4C17-BEEB-2B6E4F56D1ED}.Release|Any CPU.ActiveCfg = Release|Any CPU
		{215AF485-C135-4C17-BEEB-2B6E4F56D1ED}.Release|Any CPU.Build.0 = Release|Any CPU
		{5C727686-183D-40FE-AAD2-FC7BD2D0903B}.Debug|Any CPU.ActiveCfg = Debug|Any CPU
		{5C727686-183D-40FE-AAD2-FC7BD2D0903B}.Debug|Any CPU.Build.0 = Debug|Any CPU
		{5C727686-183D-40FE-AAD2-FC7BD2D0903B}.Release|Any CPU.ActiveCfg = Release|Any CPU
		{5C727686-183D-40FE-AAD2-FC7BD2D0903B}.Release|Any CPU.Build.0 = Release|Any CPU
		{BF8BC3B5-C745-4E9F-9E8E-9AA43151A941}.Debug|Any CPU.ActiveCfg = Debug|Any CPU
		{BF8BC3B5-C745-4E9F-9E8E-9AA43151A941}.Debug|Any CPU.Build.0 = Debug|Any CPU
		{BF8BC3B5-C745-4E9F-9E8E-9AA43151A941}.Release|Any CPU.ActiveCfg = Release|Any CPU
		{BF8BC3B5-C745-4E9F-9E8E-9AA43151A941}.Release|Any CPU.Build.0 = Release|Any CPU
		{C79E68FA-D2DF-4999-AC4E-A4B2B2283DBB}.Debug|Any CPU.ActiveCfg = Debug|Any CPU
		{C79E68FA-D2DF-4999-AC4E-A4B2B2283DBB}.Debug|Any CPU.Build.0 = Debug|Any CPU
		{C79E68FA-D2DF-4999-AC4E-A4B2B2283DBB}.Release|Any CPU.ActiveCfg = Release|Any CPU
		{C79E68FA-D2DF-4999-AC4E-A4B2B2283DBB}.Release|Any CPU.Build.0 = Release|Any CPU
		{EFA81D6B-70C9-4E26-ACA9-3C80B24F7A1A}.Debug|Any CPU.ActiveCfg = Debug|Any CPU
		{EFA81D6B-70C9-4E26-ACA9-3C80B24F7A1A}.Debug|Any CPU.Build.0 = Debug|Any CPU
		{EFA81D6B-70C9-4E26-ACA9-3C80B24F7A1A}.Release|Any CPU.ActiveCfg = Release|Any CPU
		{EFA81D6B-70C9-4E26-ACA9-3C80B24F7A1A}.Release|Any CPU.Build.0 = Release|Any CPU
	EndGlobalSection
	GlobalSection(SolutionProperties) = preSolution
		HideSolutionNode = FALSE
	EndGlobalSection
	GlobalSection(NestedProjects) = preSolution
		{E649251F-DE69-4653-B37A-DBAEAA116839} = {6E4E7A10-F8BF-4538-BF10-6FB2EE4695C0}
		{A95E1395-5455-4E2B-B28C-08AF13D2EBA2} = {6E4E7A10-F8BF-4538-BF10-6FB2EE4695C0}
		{34CD5DAB-44C2-4A98-8DD0-6FD221CCA793} = {6E4E7A10-F8BF-4538-BF10-6FB2EE4695C0}
		{72E34580-6F24-40DE-B9E4-BA8F23C8A531} = {6E4E7A10-F8BF-4538-BF10-6FB2EE4695C0}
		{215AF485-C135-4C17-BEEB-2B6E4F56D1ED} = {72E34580-6F24-40DE-B9E4-BA8F23C8A531}
		{5C727686-183D-40FE-AAD2-FC7BD2D0903B} = {E649251F-DE69-4653-B37A-DBAEAA116839}
		{BF8BC3B5-C745-4E9F-9E8E-9AA43151A941} = {A95E1395-5455-4E2B-B28C-08AF13D2EBA2}
		{C79E68FA-D2DF-4999-AC4E-A4B2B2283DBB} = {34CD5DAB-44C2-4A98-8DD0-6FD221CCA793}
		{EFA81D6B-70C9-4E26-ACA9-3C80B24F7A1A} = {53B59E72-EC73-4B5C-A7D4-A357FF054179}
	EndGlobalSection
	GlobalSection(ExtensibilityGlobals) = postSolution
		SolutionGuid = {4B96213B-958B-4EA8-8D27-C47366D495CB}
	EndGlobalSection
EndGlobal
